
Microsoft Visual Studio Solution File, Format Version 12.00
# Visual Studio Version 16
VisualStudioVersion = 16.0.30621.155
MinimumVisualStudioVersion = 10.0.40219.1
Project("{FAE04EC0-301F-11D3-BF4B-00C04F79EFBC}") = "Projeto Mesadinha", "Projeto Mesadinha\Projeto Mesadinha.csproj", "{4C8D9064-40C3-4CBC-A970-4CF98C9CFAC6}"
EndProject
Project("{2150E333-8FDC-42A3-9474-1A3956D46DE8}") = "Solution Items", "Solution Items", "{C4A9F824-2DFD-4B77-96CA-073920E717DD}"
EndProject
Global
	GlobalSection(SolutionConfigurationPlatforms) = preSolution
		Debug|Any CPU = Debug|Any CPU
		Release|Any CPU = Release|Any CPU
	EndGlobalSection
	GlobalSection(ProjectConfigurationPlatforms) = postSolution
		{4C8D9064-40C3-4CBC-A970-4CF98C9CFAC6}.Debug|Any CPU.ActiveCfg = Debug|Any CPU
		{4C8D9064-40C3-4CBC-A970-4CF98C9CFAC6}.Debug|Any CPU.Build.0 = Debug|Any CPU
		{4C8D9064-40C3-4CBC-A970-4CF98C9CFAC6}.Release|Any CPU.ActiveCfg = Release|Any CPU
		{4C8D9064-40C3-4CBC-A970-4CF98C9CFAC6}.Release|Any CPU.Build.0 = Release|Any CPU
	EndGlobalSection
	GlobalSection(SolutionProperties) = preSolution
		HideSolutionNode = FALSE
	EndGlobalSection
	GlobalSection(ExtensibilityGlobals) = postSolution
		SolutionGuid = {3DC1EFBE-85C3-4BE3-A2DC-F9762201C83E}
	EndGlobalSection
EndGlobal
